
Microsoft Visual Studio Solution File, Format Version 12.00
# Visual Studio Version 16
VisualStudioVersion = 16.0.30320.27
MinimumVisualStudioVersion = 10.0.40219.1
Project("{9A19103F-16F7-4668-BE54-9A1E7A4F7556}") = "PlannerPrototype", "PlannerPrototype.csproj", "{DDD22865-601C-48DA-B99A-C51179F36349}"
EndProject
Global
	GlobalSection(SolutionConfigurationPlatforms) = preSolution
		Debug|Any CPU = Debug|Any CPU
		Release|Any CPU = Release|Any CPU
	EndGlobalSection
	GlobalSection(ProjectConfigurationPlatforms) = postSolution
		{DDD22865-601C-48DA-B99A-C51179F36349}.Debug|Any CPU.ActiveCfg = Debug|Any CPU
		{DDD22865-601C-48DA-B99A-C51179F36349}.Debug|Any CPU.Build.0 = Debug|Any CPU
		{DDD22865-601C-48DA-B99A-C51179F36349}.Release|Any CPU.ActiveCfg = Release|Any CPU
		{DDD22865-601C-48DA-B99A-C51179F36349}.Release|Any CPU.Build.0 = Release|Any CPU
	EndGlobalSection
	GlobalSection(SolutionProperties) = preSolution
		HideSolutionNode = FALSE
	EndGlobalSection
	GlobalSection(ExtensibilityGlobals) = postSolution
		SolutionGuid = {6C1C6415-C078-4DB9-9601-1EA77F84673E}
	EndGlobalSection
EndGlobal
